{
    "clue/stream-filter": {
        "version": "v1.4.0"
    },
    "league/uri": {
        "version": "5.3.0"
    },
    "league/uri-components": {
        "version": "1.8.2"
    },
    "league/uri-hostname-parser": {
        "version": "1.1.1"
    },
    "league/uri-interfaces": {
        "version": "1.1.1"
    },
    "league/uri-manipulations": {
        "version": "1.5.0"
    },
    "league/uri-parser": {
        "version": "1.4.1"
    },
    "league/uri-schemes": {
        "version": "1.2.1"
    },
    "paypal/rest-api-sdk-php": {
        "version": "1.14.0"
    },
    "payum/core": {
        "version": "1.5.1"
    },
    "payum/iso4217": {
        "version": "1.0.1"
    },
    "payum/offline": {
        "version": "1.5.1"
    },
    "payum/payum-bundle": {
        "version": "2.3.2"
    },
    "payum/stripe": {
        "version": "1.5.1"
    },
    "php-http/guzzle6-adapter": {
        "version": "v2.0.1"
    },
    "php-http/httplug": {
        "version": "v2.0.0"
    },
    "php-http/message": {
        "version": "1.7.2"
    },
    "php-http/message-factory": {
        "version": "v1.0.2"
    },
    "php-http/promise": {
        "version": "v1.0.0"
    },
    "psr/http-client": {
        "version": "1.0.0"
    },
    "stripe/stripe-php": {
        "version": "v4.13.0"
    }
}
